
Microsoft Visual Studio Solution File, Format Version 12.00
# Visual Studio Version 17
VisualStudioVersion = 17.0.31903.59
MinimumVisualStudioVersion = 10.0.40219.1
Project("{9A19103F-16F7-4668-BE54-9A1E7A4F7556}") = "DrishtiGems.API", "DrishtiGems.API\DrishtiGems.API.csproj", "{A6D417DC-0142-489B-BB88-9F83F778CA6E}"
EndProject
Project("{9A19103F-16F7-4668-BE54-9A1E7A4F7556}") = "ServiceLayer", "Services\ServiceLayer.csproj", "{F1F44943-F54B-4DAA-A871-FCB1656E172A}"
EndProject
Project("{9A19103F-16F7-4668-BE54-9A1E7A4F7556}") = "Domain", "Domain\Domain.csproj", "{E1009CFE-3DDD-4BD9-809C-2C0FC6030015}"
EndProject
Project("{9A19103F-16F7-4668-BE54-9A1E7A4F7556}") = "Common", "Common\Common.csproj", "{3C1E91B0-2C38-458B-97B4-61CED96E518D}"
EndProject
Project("{9A19103F-16F7-4668-BE54-9A1E7A4F7556}") = "DristiGems.WebApp", "DristiGems.WebApp\DristiGems.WebApp.csproj", "{41216A7B-127A-4E4B-B6B9-478F991FF708}"
EndProject
Project("{FAE04EC0-301F-11D3-BF4B-00C04F79EFBC}") = "RepositoryLayer", "RepositoryLayer\RepositoryLayer.csproj", "{D0D7CEED-2113-4C2B-9657-DA97EFABEA0C}"
EndProject
Global
	GlobalSection(SolutionConfigurationPlatforms) = preSolution
		Debug|Any CPU = Debug|Any CPU
		Release|Any CPU = Release|Any CPU
	EndGlobalSection
	GlobalSection(ProjectConfigurationPlatforms) = postSolution
		{A6D417DC-0142-489B-BB88-9F83F778CA6E}.Debug|Any CPU.ActiveCfg = Debug|Any CPU
		{A6D417DC-0142-489B-BB88-9F83F778CA6E}.Debug|Any CPU.Build.0 = Debug|Any CPU
		{A6D417DC-0142-489B-BB88-9F83F778CA6E}.Release|Any CPU.ActiveCfg = Release|Any CPU
		{A6D417DC-0142-489B-BB88-9F83F778CA6E}.Release|Any CPU.Build.0 = Release|Any CPU
		{F1F44943-F54B-4DAA-A871-FCB1656E172A}.Debug|Any CPU.ActiveCfg = Debug|Any CPU
		{F1F44943-F54B-4DAA-A871-FCB1656E172A}.Debug|Any CPU.Build.0 = Debug|Any CPU
		{F1F44943-F54B-4DAA-A871-FCB1656E172A}.Release|Any CPU.ActiveCfg = Release|Any CPU
		{F1F44943-F54B-4DAA-A871-FCB1656E172A}.Release|Any CPU.Build.0 = Release|Any CPU
		{E1009CFE-3DDD-4BD9-809C-2C0FC6030015}.Debug|Any CPU.ActiveCfg = Debug|Any CPU
		{E1009CFE-3DDD-4BD9-809C-2C0FC6030015}.Debug|Any CPU.Build.0 = Debug|Any CPU
		{E1009CFE-3DDD-4BD9-809C-2C0FC6030015}.Release|Any CPU.ActiveCfg = Release|Any CPU
		{E1009CFE-3DDD-4BD9-809C-2C0FC6030015}.Release|Any CPU.Build.0 = Release|Any CPU
		{3C1E91B0-2C38-458B-97B4-61CED96E518D}.Debug|Any CPU.ActiveCfg = Debug|Any CPU
		{3C1E91B0-2C38-458B-97B4-61CED96E518D}.Debug|Any CPU.Build.0 = Debug|Any CPU
		{3C1E91B0-2C38-458B-97B4-61CED96E518D}.Release|Any CPU.ActiveCfg = Release|Any CPU
		{3C1E91B0-2C38-458B-97B4-61CED96E518D}.Release|Any CPU.Build.0 = Release|Any CPU
		{41216A7B-127A-4E4B-B6B9-478F991FF708}.Debug|Any CPU.ActiveCfg = Debug|Any CPU
		{41216A7B-127A-4E4B-B6B9-478F991FF708}.Debug|Any CPU.Build.0 = Debug|Any CPU
		{41216A7B-127A-4E4B-B6B9-478F991FF708}.Release|Any CPU.ActiveCfg = Release|Any CPU
		{41216A7B-127A-4E4B-B6B9-478F991FF708}.Release|Any CPU.Build.0 = Release|Any CPU
		{D0D7CEED-2113-4C2B-9657-DA97EFABEA0C}.Debug|Any CPU.ActiveCfg = Debug|Any CPU
		{D0D7CEED-2113-4C2B-9657-DA97EFABEA0C}.Debug|Any CPU.Build.0 = Debug|Any CPU
		{D0D7CEED-2113-4C2B-9657-DA97EFABEA0C}.Release|Any CPU.ActiveCfg = Release|Any CPU
		{D0D7CEED-2113-4C2B-9657-DA97EFABEA0C}.Release|Any CPU.Build.0 = Release|Any CPU
	EndGlobalSection
	GlobalSection(SolutionProperties) = preSolution
		HideSolutionNode = FALSE
	EndGlobalSection
	GlobalSection(ExtensibilityGlobals) = postSolution
		SolutionGuid = {28246F78-1256-42AD-BE3E-C2B0BB58EAC0}
	EndGlobalSection
EndGlobal
